
Microsoft Visual Studio Solution File, Format Version 12.00
# Visual Studio 2013
VisualStudioVersion = 12.0.30324.0
MinimumVisualStudioVersion = 10.0.40219.1
Project("{FAE04EC0-301F-11D3-BF4B-00C04F79EFBC}") = "Apress.Recipes.WebApi", "Apress.Recipes.WebApi\Apress.Recipes.WebApi.csproj", "{F2C7E965-1005-438F-8087-3C7AF2E889F8}"
EndProject
Project("{2150E333-8FDC-42A3-9474-1A3956D46DE8}") = ".nuget", ".nuget", "{AA160D07-22EB-4720-9137-7578EE1AD726}"
	ProjectSection(SolutionItems) = preProject
		.nuget\NuGet.Config = .nuget\NuGet.Config
		.nuget\NuGet.exe = .nuget\NuGet.exe
		.nuget\NuGet.targets = .nuget\NuGet.targets
	EndProjectSection
EndProject
Global
	GlobalSection(SolutionConfigurationPlatforms) = preSolution
		Debug|Any CPU = Debug|Any CPU
		Release|Any CPU = Release|Any CPU
	EndGlobalSection
	GlobalSection(ProjectConfigurationPlatforms) = postSolution
		{F2C7E965-1005-438F-8087-3C7AF2E889F8}.Debug|Any CPU.ActiveCfg = Debug|Any CPU
		{F2C7E965-1005-438F-8087-3C7AF2E889F8}.Debug|Any CPU.Build.0 = Debug|Any CPU
		{F2C7E965-1005-438F-8087-3C7AF2E889F8}.Release|Any CPU.ActiveCfg = Release|Any CPU
		{F2C7E965-1005-438F-8087-3C7AF2E889F8}.Release|Any CPU.Build.0 = Release|Any CPU
	EndGlobalSection
	GlobalSection(SolutionProperties) = preSolution
		HideSolutionNode = FALSE
	EndGlobalSection
EndGlobal
