
Microsoft Visual Studio Solution File, Format Version 12.00
# Visual Studio 2013
VisualStudioVersion = 12.0.30324.0
MinimumVisualStudioVersion = 10.0.40219.1
Project("{FAE04EC0-301F-11D3-BF4B-00C04F79EFBC}") = "Apress.Recipes.WebApi", "Apress.Recipes.WebApi\Apress.Recipes.WebApi.csproj", "{493F7FD2-DE1E-4C49-8914-918E6724628A}"
EndProject
Global
	GlobalSection(SolutionConfigurationPlatforms) = preSolution
		Debug|Any CPU = Debug|Any CPU
		Release|Any CPU = Release|Any CPU
	EndGlobalSection
	GlobalSection(ProjectConfigurationPlatforms) = postSolution
		{493F7FD2-DE1E-4C49-8914-918E6724628A}.Debug|Any CPU.ActiveCfg = Debug|Any CPU
		{493F7FD2-DE1E-4C49-8914-918E6724628A}.Debug|Any CPU.Build.0 = Debug|Any CPU
		{493F7FD2-DE1E-4C49-8914-918E6724628A}.Release|Any CPU.ActiveCfg = Release|Any CPU
		{493F7FD2-DE1E-4C49-8914-918E6724628A}.Release|Any CPU.Build.0 = Release|Any CPU
	EndGlobalSection
	GlobalSection(SolutionProperties) = preSolution
		HideSolutionNode = FALSE
	EndGlobalSection
EndGlobal
