
Microsoft Visual Studio Solution File, Format Version 12.00
# Visual Studio 2013
VisualStudioVersion = 12.0.21005.1
MinimumVisualStudioVersion = 10.0.40219.1
Project("{FAE04EC0-301F-11D3-BF4B-00C04F79EFBC}") = "Apress.Recipes.WebApi", "Apress.Recipes.WebApi\Apress.Recipes.WebApi.csproj", "{A60FB0C8-BF48-4FB7-A273-DEA1F2BAB9A6}"
EndProject
Project("{FAE04EC0-301F-11D3-BF4B-00C04F79EFBC}") = "Apress.Recipes.WebApi.Test", "Apress.Recipes.WebApi.Test\Apress.Recipes.WebApi.Test.csproj", "{B8594ABE-0562-44A0-8C4E-444118194D4E}"
EndProject
Global
	GlobalSection(SolutionConfigurationPlatforms) = preSolution
		Debug|Any CPU = Debug|Any CPU
		Release|Any CPU = Release|Any CPU
	EndGlobalSection
	GlobalSection(ProjectConfigurationPlatforms) = postSolution
		{A60FB0C8-BF48-4FB7-A273-DEA1F2BAB9A6}.Debug|Any CPU.ActiveCfg = Debug|Any CPU
		{A60FB0C8-BF48-4FB7-A273-DEA1F2BAB9A6}.Debug|Any CPU.Build.0 = Debug|Any CPU
		{A60FB0C8-BF48-4FB7-A273-DEA1F2BAB9A6}.Release|Any CPU.ActiveCfg = Release|Any CPU
		{A60FB0C8-BF48-4FB7-A273-DEA1F2BAB9A6}.Release|Any CPU.Build.0 = Release|Any CPU
		{B8594ABE-0562-44A0-8C4E-444118194D4E}.Debug|Any CPU.ActiveCfg = Debug|Any CPU
		{B8594ABE-0562-44A0-8C4E-444118194D4E}.Debug|Any CPU.Build.0 = Debug|Any CPU
		{B8594ABE-0562-44A0-8C4E-444118194D4E}.Release|Any CPU.ActiveCfg = Release|Any CPU
		{B8594ABE-0562-44A0-8C4E-444118194D4E}.Release|Any CPU.Build.0 = Release|Any CPU
	EndGlobalSection
	GlobalSection(SolutionProperties) = preSolution
		HideSolutionNode = FALSE
	EndGlobalSection
EndGlobal
